{
  "originHash" : "d01b822f6446cef501cebe37b5b78101e0a82173bb523ee64501d3331d40b50c",
  "pins" : [
    {
      "identity" : "phonenumberkit",
      "kind" : "remoteSourceControl",
      "location" : "https://github.com/marmelroy/PhoneNumberKit.git",
      "state" : {
        "revision" : "0a025521711539e3a6e0e725ac868ac84a4983e1",
        "version" : "3.7.11"
      }
    }
  ],
  "version" : 3
}
